
Microsoft Visual Studio Solution File, Format Version 10.00
# Visual Web Developer Express 2008
Project("{FAE04EC0-301F-11D3-BF4B-00C04F79EFBC}") = "SilverlightMaxi", "SilverlightMaxi\SilverlightMaxi.csproj", "{A5C71808-AB6D-41C3-BFEC-3CE7681EAD94}"
EndProject
Global
	GlobalSection(SolutionConfigurationPlatforms) = preSolution
		Debug|Any CPU = Debug|Any CPU
		Release|Any CPU = Release|Any CPU
	EndGlobalSection
	GlobalSection(ProjectConfigurationPlatforms) = postSolution
		{A5C71808-AB6D-41C3-BFEC-3CE7681EAD94}.Debug|Any CPU.ActiveCfg = Debug|Any CPU
		{A5C71808-AB6D-41C3-BFEC-3CE7681EAD94}.Debug|Any CPU.Build.0 = Debug|Any CPU
		{A5C71808-AB6D-41C3-BFEC-3CE7681EAD94}.Release|Any CPU.ActiveCfg = Release|Any CPU
		{A5C71808-AB6D-41C3-BFEC-3CE7681EAD94}.Release|Any CPU.Build.0 = Release|Any CPU
	EndGlobalSection
	GlobalSection(SolutionProperties) = preSolution
		HideSolutionNode = FALSE
	EndGlobalSection
EndGlobal
